
Microsoft Visual Studio Solution File, Format Version 12.00
# Visual Studio 2013
VisualStudioVersion = 12.0.30723.0
MinimumVisualStudioVersion = 10.0.40219.1
Project("{FAE04EC0-301F-11D3-BF4B-00C04F79EFBC}") = "Калькулятор", "Калькулятор\Калькулятор.csproj", "{95537869-957F-48E6-B4E2-E42023C2B173}"
EndProject
Project("{FAE04EC0-301F-11D3-BF4B-00C04F79EFBC}") = "UnitTest1", "UnitTest1\UnitTest1.csproj", "{DDD6E5C8-28E8-4E46-8F31-8842452283C5}"
EndProject
Global
	GlobalSection(SolutionConfigurationPlatforms) = preSolution
		Debug|Any CPU = Debug|Any CPU
		Release|Any CPU = Release|Any CPU
	EndGlobalSection
	GlobalSection(ProjectConfigurationPlatforms) = postSolution
		{95537869-957F-48E6-B4E2-E42023C2B173}.Debug|Any CPU.ActiveCfg = Debug|Any CPU
		{95537869-957F-48E6-B4E2-E42023C2B173}.Debug|Any CPU.Build.0 = Debug|Any CPU
		{95537869-957F-48E6-B4E2-E42023C2B173}.Release|Any CPU.ActiveCfg = Release|Any CPU
		{95537869-957F-48E6-B4E2-E42023C2B173}.Release|Any CPU.Build.0 = Release|Any CPU
		{DDD6E5C8-28E8-4E46-8F31-8842452283C5}.Debug|Any CPU.ActiveCfg = Debug|Any CPU
		{DDD6E5C8-28E8-4E46-8F31-8842452283C5}.Debug|Any CPU.Build.0 = Debug|Any CPU
		{DDD6E5C8-28E8-4E46-8F31-8842452283C5}.Release|Any CPU.ActiveCfg = Release|Any CPU
		{DDD6E5C8-28E8-4E46-8F31-8842452283C5}.Release|Any CPU.Build.0 = Release|Any CPU
	EndGlobalSection
	GlobalSection(SolutionProperties) = preSolution
		HideSolutionNode = FALSE
	EndGlobalSection
EndGlobal
